
Microsoft Visual Studio Solution File, Format Version 12.00
# Visual Studio Version 16
VisualStudioVersion = 16.0.31105.61
MinimumVisualStudioVersion = 10.0.40219.1
Project("{FAE04EC0-301F-11D3-BF4B-00C04F79EFBC}") = "Waver_InfoApp", "Waver_InfoApp\Waver_InfoApp.csproj", "{E49CAB72-6106-4C1A-9DA6-A0745D325BE7}"
EndProject
Global
	GlobalSection(SolutionConfigurationPlatforms) = preSolution
		Debug|Any CPU = Debug|Any CPU
		Release|Any CPU = Release|Any CPU
	EndGlobalSection
	GlobalSection(ProjectConfigurationPlatforms) = postSolution
		{E49CAB72-6106-4C1A-9DA6-A0745D325BE7}.Debug|Any CPU.ActiveCfg = Debug|Any CPU
		{E49CAB72-6106-4C1A-9DA6-A0745D325BE7}.Debug|Any CPU.Build.0 = Debug|Any CPU
		{E49CAB72-6106-4C1A-9DA6-A0745D325BE7}.Release|Any CPU.ActiveCfg = Release|Any CPU
		{E49CAB72-6106-4C1A-9DA6-A0745D325BE7}.Release|Any CPU.Build.0 = Release|Any CPU
	EndGlobalSection
	GlobalSection(SolutionProperties) = preSolution
		HideSolutionNode = FALSE
	EndGlobalSection
	GlobalSection(ExtensibilityGlobals) = postSolution
		SolutionGuid = {E1790549-49F9-4F33-A25D-D68511DFCADF}
	EndGlobalSection
EndGlobal
